// !$*UTF8*$!
{
	archiveVersion = 1;
	classes = {
	};
	objectVersion = 56;
	objects = {

/* Begin PBXBuildFile section */
		0EB0214F2BD64073008CD4CD /* Data.swift in Sources */ = {isa = PBXBuildFile; fileRef = 0EB0214E2BD64073008CD4CD /* Data.swift */; };
		0EC468D02BD60620005FAAA8 /* AppDelegate.swift in Sources */ = {isa = PBXBuildFile; fileRef = 0EC468CF2BD60620005FAAA8 /* AppDelegate.swift */; };
		0EC468D22BD60620005FAAA8 /* SceneDelegate.swift in Sources */ = {isa = PBXBuildFile; fileRef = 0EC468D12BD60620005FAAA8 /* SceneDelegate.swift */; };
		0EC468D42BD60620005FAAA8 /* ViewController.swift in Sources */ = {isa = PBXBuildFile; fileRef = 0EC468D32BD60620005FAAA8 /* ViewController.swift */; };
		0EC468D72BD60620005FAAA8 /* Main.storyboard in Resources */ = {isa = PBXBuildFile; fileRef = 0EC468D52BD60620005FAAA8 /* Main.storyboard */; };
		0EC468D92BD60621005FAAA8 /* Assets.xcassets in Resources */ = {isa = PBXBuildFile; fileRef = 0EC468D82BD60621005FAAA8 /* Assets.xcassets */; };
		0EC468DC2BD60621005FAAA8 /* LaunchScreen.storyboard in Resources */ = {isa = PBXBuildFile; fileRef = 0EC468DA2BD60621005FAAA8 /* LaunchScreen.storyboard */; };
		0EC468E82BD60717005FAAA8 /* TwoCellTableViewCell.swift in Sources */ = {isa = PBXBuildFile; fileRef = 0EC468E62BD60717005FAAA8 /* TwoCellTableViewCell.swift */; };
		0EC468E92BD60717005FAAA8 /* TwoCellTableViewCell.xib in Resources */ = {isa = PBXBuildFile; fileRef = 0EC468E72BD60717005FAAA8 /* TwoCellTableViewCell.xib */; };
		0EC468EC2BD607F4005FAAA8 /* OneCellTableViewCell.swift in Sources */ = {isa = PBXBuildFile; fileRef = 0EC468EA2BD607F4005FAAA8 /* OneCellTableViewCell.swift */; };
		0EC468ED2BD607F4005FAAA8 /* OneCellTableViewCell.xib in Resources */ = {isa = PBXBuildFile; fileRef = 0EC468EB2BD607F4005FAAA8 /* OneCellTableViewCell.xib */; };
		0EC468EF2BD60E94005FAAA8 /* TitleCell.swift in Sources */ = {isa = PBXBuildFile; fileRef = 0EC468EE2BD60E94005FAAA8 /* TitleCell.swift */; };
		0EC468F12BD60EF4005FAAA8 /* CellModel.swift in Sources */ = {isa = PBXBuildFile; fileRef = 0EC468F02BD60EF4005FAAA8 /* CellModel.swift */; };
/* End PBXBuildFile section */

/* Begin PBXFileReference section */
		0EB0214E2BD64073008CD4CD /* Data.swift */ = {isa = PBXFileReference; lastKnownFileType = sourcecode.swift; path = Data.swift; sourceTree = "<group>"; };
		0EC468CC2BD60620005FAAA8 /* TableViewAdvance.app */ = {isa = PBXFileReference; explicitFileType = wrapper.application; includeInIndex = 0; path = TableViewAdvance.app; sourceTree = BUILT_PRODUCTS_DIR; };
		0EC468CF2BD60620005FAAA8 /* AppDelegate.swift */ = {isa = PBXFileReference; lastKnownFileType = sourcecode.swift; path = AppDelegate.swift; sourceTree = "<group>"; };
		0EC468D12BD60620005FAAA8 /* SceneDelegate.swift */ = {isa = PBXFileReference; lastKnownFileType = sourcecode.swift; path = SceneDelegate.swift; sourceTree = "<group>"; };
		0EC468D32BD60620005FAAA8 /* ViewController.swift */ = {isa = PBXFileReference; lastKnownFileType = sourcecode.swift; path = ViewController.swift; sourceTree = "<group>"; };
		0EC468D62BD60620005FAAA8 /* Base */ = {isa = PBXFileReference; lastKnownFileType = file.storyboard; name = Base; path = Base.lproj/Main.storyboard; sourceTree = "<group>"; };
		0EC468D82BD60621005FAAA8 /* Assets.xcassets */ = {isa = PBXFileReference; lastKnownFileType = folder.assetcatalog; path = Assets.xcassets; sourceTree = "<group>"; };
		0EC468DB2BD60621005FAAA8 /* Base */ = {isa = PBXFileReference; lastKnownFileType = file.storyboard; name = Base; path = Base.lproj/LaunchScreen.storyboard; sourceTree = "<group>"; };
		0EC468DD2BD60621005FAAA8 /* Info.plist */ = {isa = PBXFileReference; lastKnownFileType = text.plist.xml; path = Info.plist; sourceTree = "<group>"; };
		0EC468E62BD60717005FAAA8 /* TwoCellTableViewCell.swift */ = {isa = PBXFileReference; lastKnownFileType = sourcecode.swift; path = TwoCellTableViewCell.swift; sourceTree = "<group>"; };
		0EC468E72BD60717005FAAA8 /* TwoCellTableViewCell.xib */ = {isa = PBXFileReference; lastKnownFileType = file.xib; path = TwoCellTableViewCell.xib; sourceTree = "<group>"; };
		0EC468EA2BD607F4005FAAA8 /* OneCellTableViewCell.swift */ = {isa = PBXFileReference; lastKnownFileType = sourcecode.swift; path = OneCellTableViewCell.swift; sourceTree = "<group>"; };
		0EC468EB2BD607F4005FAAA8 /* OneCellTableViewCell.xib */ = {isa = PBXFileReference; lastKnownFileType = file.xib; path = OneCellTableViewCell.xib; sourceTree = "<group>"; };
		0EC468EE2BD60E94005FAAA8 /* TitleCell.swift */ = {isa = PBXFileReference; lastKnownFileType = sourcecode.swift; path = TitleCell.swift; sourceTree = "<group>"; };
		0EC468F02BD60EF4005FAAA8 /* CellModel.swift */ = {isa = PBXFileReference; lastKnownFileType = sourcecode.swift; path = CellModel.swift; sourceTree = "<group>"; };
/* End PBXFileReference section */

/* Begin PBXFrameworksBuildPhase section */
		0EC468C92BD60620005FAAA8 /* Frameworks */ = {
			isa = PBXFrameworksBuildPhase;
			buildActionMask = 2147483647;
			files = (
			);
			runOnlyForDeploymentPostprocessing = 0;
		};
/* End PBXFrameworksBuildPhase section */

/* Begin PBXGroup section */
		0EC468C32BD60620005FAAA8 = {
			isa = PBXGroup;
			children = (
				0EC468CE2BD60620005FAAA8 /* TableViewAdvance */,
				0EC468CD2BD60620005FAAA8 /* Products */,
			);
			sourceTree = "<group>";
		};
		0EC468CD2BD60620005FAAA8 /* Products */ = {
			isa = PBXGroup;
			children = (
				0EC468CC2BD60620005FAAA8 /* TableViewAdvance.app */,
			);
			name = Products;
			sourceTree = "<group>";
		};
		0EC468CE2BD60620005FAAA8 /* TableViewAdvance */ = {
			isa = PBXGroup;
			children = (
				0EC468E32BD60686005FAAA8 /* Cell */,
				0EC468CF2BD60620005FAAA8 /* AppDelegate.swift */,
				0EC468D12BD60620005FAAA8 /* SceneDelegate.swift */,
				0EC468D32BD60620005FAAA8 /* ViewController.swift */,
				0EC468D52BD60620005FAAA8 /* Main.storyboard */,
				0EC468D82BD60621005FAAA8 /* Assets.xcassets */,
				0EC468DA2BD60621005FAAA8 /* LaunchScreen.storyboard */,
				0EC468DD2BD60621005FAAA8 /* Info.plist */,
				0EC468EE2BD60E94005FAAA8 /* TitleCell.swift */,
				0EC468F02BD60EF4005FAAA8 /* CellModel.swift */,
				0EB0214E2BD64073008CD4CD /* Data.swift */,
			);
			path = TableViewAdvance;
			sourceTree = "<group>";
		};
		0EC468E32BD60686005FAAA8 /* Cell */ = {
			isa = PBXGroup;
			children = (
				0EC468E52BD606DE005FAAA8 /* TwoCell */,
				0EC468E42BD606CD005FAAA8 /* OneCell */,
			);
			path = Cell;
			sourceTree = "<group>";
		};
		0EC468E42BD606CD005FAAA8 /* OneCell */ = {
			isa = PBXGroup;
			children = (
				0EC468EA2BD607F4005FAAA8 /* OneCellTableViewCell.swift */,
				0EC468EB2BD607F4005FAAA8 /* OneCellTableViewCell.xib */,
			);
			path = OneCell;
			sourceTree = "<group>";
		};
		0EC468E52BD606DE005FAAA8 /* TwoCell */ = {
			isa = PBXGroup;
			children = (
				0EC468E62BD60717005FAAA8 /* TwoCellTableViewCell.swift */,
				0EC468E72BD60717005FAAA8 /* TwoCellTableViewCell.xib */,
			);
			path = TwoCell;
			sourceTree = "<group>";
		};
/* End PBXGroup section */

/* Begin PBXNativeTarget section */
		0EC468CB2BD60620005FAAA8 /* TableViewAdvance */ = {
			isa = PBXNativeTarget;
			buildConfigurationList = 0EC468E02BD60621005FAAA8 /* Build configuration list for PBXNativeTarget "TableViewAdvance" */;
			buildPhases = (
				0EC468C82BD60620005FAAA8 /* Sources */,
				0EC468C92BD60620005FAAA8 /* Frameworks */,
				0EC468CA2BD60620005FAAA8 /* Resources */,
			);
			buildRules = (
			);
			dependencies = (
			);
			name = TableViewAdvance;
			productName = TableViewAdvance;
			productReference = 0EC468CC2BD60620005FAAA8 /* TableViewAdvance.app */;
			productType = "com.apple.product-type.application";
		};
/* End PBXNativeTarget section */

/* Begin PBXProject section */
		0EC468C42BD60620005FAAA8 /* Project object */ = {
			isa = PBXProject;
			attributes = {
				BuildIndependentTargetsInParallel = 1;
				LastSwiftUpdateCheck = 1430;
				LastUpgradeCheck = 1430;
				TargetAttributes = {
					0EC468CB2BD60620005FAAA8 = {
						CreatedOnToolsVersion = 14.3.1;
					};
				};
			};
			buildConfigurationList = 0EC468C72BD60620005FAAA8 /* Build configuration list for PBXProject "TableViewAdvance" */;
			compatibilityVersion = "Xcode 14.0";
			developmentRegion = en;
			hasScannedForEncodings = 0;
			knownRegions = (
				en,
				Base,
			);
			mainGroup = 0EC468C32BD60620005FAAA8;
			productRefGroup = 0EC468CD2BD60620005FAAA8 /* Products */;
			projectDirPath = "";
			projectRoot = "";
			targets = (
				0EC468CB2BD60620005FAAA8 /* TableViewAdvance */,
			);
		};
/* End PBXProject section */

/* Begin PBXResourcesBuildPhase section */
		0EC468CA2BD60620005FAAA8 /* Resources */ = {
			isa = PBXResourcesBuildPhase;
			buildActionMask = 2147483647;
			files = (
				0EC468DC2BD60621005FAAA8 /* LaunchScreen.storyboard in Resources */,
				0EC468D92BD60621005FAAA8 /* Assets.xcassets in Resources */,
				0EC468E92BD60717005FAAA8 /* TwoCellTableViewCell.xib in Resources */,
				0EC468ED2BD607F4005FAAA8 /* OneCellTableViewCell.xib in Resources */,
				0EC468D72BD60620005FAAA8 /* Main.storyboard in Resources */,
			);
			runOnlyForDeploymentPostprocessing = 0;
		};
/* End PBXResourcesBuildPhase section */

/* Begin PBXSourcesBuildPhase section */
		0EC468C82BD60620005FAAA8 /* Sources */ = {
			isa = PBXSourcesBuildPhase;
			buildActionMask = 2147483647;
			files = (
				0EC468EF2BD60E94005FAAA8 /* TitleCell.swift in Sources */,
				0EC468EC2BD607F4005FAAA8 /* OneCellTableViewCell.swift in Sources */,
				0EC468D42BD60620005FAAA8 /* ViewController.swift in Sources */,
				0EC468D02BD60620005FAAA8 /* AppDelegate.swift in Sources */,
				0EC468F12BD60EF4005FAAA8 /* CellModel.swift in Sources */,
				0EC468E82BD60717005FAAA8 /* TwoCellTableViewCell.swift in Sources */,
				0EC468D22BD60620005FAAA8 /* SceneDelegate.swift in Sources */,
				0EB0214F2BD64073008CD4CD /* Data.swift in Sources */,
			);
			runOnlyForDeploymentPostprocessing = 0;
		};
/* End PBXSourcesBuildPhase section */

/* Begin PBXVariantGroup section */
		0EC468D52BD60620005FAAA8 /* Main.storyboard */ = {
			isa = PBXVariantGroup;
			children = (
				0EC468D62BD60620005FAAA8 /* Base */,
			);
			name = Main.storyboard;
			sourceTree = "<group>";
		};
		0EC468DA2BD60621005FAAA8 /* LaunchScreen.storyboard */ = {
			isa = PBXVariantGroup;
			children = (
				0EC468DB2BD60621005FAAA8 /* Base */,
			);
			name = LaunchScreen.storyboard;
			sourceTree = "<group>";
		};
/* End PBXVariantGroup section */

/* Begin XCBuildConfiguration section */
		0EC468DE2BD60621005FAAA8 /* Debug */ = {
			isa = XCBuildConfiguration;
			buildSettings = {
				ALWAYS_SEARCH_USER_PATHS = NO;
				CLANG_ANALYZER_NONNULL = YES;
				CLANG_ANALYZER_NUMBER_OBJECT_CONVERSION = YES_AGGRESSIVE;
				CLANG_CXX_LANGUAGE_STANDARD = "gnu++20";
				CLANG_ENABLE_MODULES = YES;
				CLANG_ENABLE_OBJC_ARC = YES;
				CLANG_ENABLE_OBJC_WEAK = YES;
				CLANG_WARN_BLOCK_CAPTURE_AUTORELEASING = YES;
				CLANG_WARN_BOOL_CONVERSION = YES;
				CLANG_WARN_COMMA = YES;
				CLANG_WARN_CONSTANT_CONVERSION = YES;
				CLANG_WARN_DEPRECATED_OBJC_IMPLEMENTATIONS = YES;
				CLANG_WARN_DIRECT_OBJC_ISA_USAGE = YES_ERROR;
				CLANG_WARN_DOCUMENTATION_COMMENTS = YES;
				CLANG_WARN_EMPTY_BODY = YES;
				CLANG_WARN_ENUM_CONVERSION = YES;
				CLANG_WARN_INFINITE_RECURSION = YES;
				CLANG_WARN_INT_CONVERSION = YES;
				CLANG_WARN_NON_LITERAL_NULL_CONVERSION = YES;
				CLANG_WARN_OBJC_IMPLICIT_RETAIN_SELF = YES;
				CLANG_WARN_OBJC_LITERAL_CONVERSION = YES;
				CLANG_WARN_OBJC_ROOT_CLASS = YES_ERROR;
				CLANG_WARN_QUOTED_INCLUDE_IN_FRAMEWORK_HEADER = YES;
				CLANG_WARN_RANGE_LOOP_ANALYSIS = YES;
				CLANG_WARN_STRICT_PROTOTYPES = YES;
				CLANG_WARN_SUSPICIOUS_MOVE = YES;
				CLANG_WARN_UNGUARDED_AVAILABILITY = YES_AGGRESSIVE;
				CLANG_WARN_UNREACHABLE_CODE = YES;
				CLANG_WARN__DUPLICATE_METHOD_MATCH = YES;
				COPY_PHASE_STRIP = NO;
				DEBUG_INFORMATION_FORMAT = dwarf;
				ENABLE_STRICT_OBJC_MSGSEND = YES;
				ENABLE_TESTABILITY = YES;
				GCC_C_LANGUAGE_STANDARD = gnu11;
				GCC_DYNAMIC_NO_PIC = NO;
				GCC_NO_COMMON_BLOCKS = YES;
				GCC_OPTIMIZATION_LEVEL = 0;
				GCC_PREPROCESSOR_DEFINITIONS = (
					"DEBUG=1",
					"$(inherited)",
				);
				GCC_WARN_64_TO_32_BIT_CONVERSION = YES;
				GCC_WARN_ABOUT_RETURN_TYPE = YES_ERROR;
				GCC_WARN_UNDECLARED_SELECTOR = YES;
				GCC_WARN_UNINITIALIZED_AUTOS = YES_AGGRESSIVE;
				GCC_WARN_UNUSED_FUNCTION = YES;
				GCC_WARN_UNUSED_VARIABLE = YES;
				IPHONEOS_DEPLOYMENT_TARGET = 16.4;
				MTL_ENABLE_DEBUG_INFO = INCLUDE_SOURCE;
				MTL_FAST_MATH = YES;
				ONLY_ACTIVE_ARCH = YES;
				SDKROOT = iphoneos;
				SWIFT_ACTIVE_COMPILATION_CONDITIONS = DEBUG;
				SWIFT_OPTIMIZATION_LEVEL = "-Onone";
			};
			name = Debug;
		};
		0EC468DF2BD60621005FAAA8 /* Release */ = {
			isa = XCBuildConfiguration;
			buildSettings = {
				ALWAYS_SEARCH_USER_PATHS = NO;
				CLANG_ANALYZER_NONNULL = YES;
				CLANG_ANALYZER_NUMBER_OBJECT_CONVERSION = YES_AGGRESSIVE;
				CLANG_CXX_LANGUAGE_STANDARD = "gnu++20";
				CLANG_ENABLE_MODULES = YES;
				CLANG_ENABLE_OBJC_ARC = YES;
				CLANG_ENABLE_OBJC_WEAK = YES;
				CLANG_WARN_BLOCK_CAPTURE_AUTORELEASING = YES;
				CLANG_WARN_BOOL_CONVERSION = YES;
				CLANG_WARN_COMMA = YES;
				CLANG_WARN_CONSTANT_CONVERSION = YES;
				CLANG_WARN_DEPRECATED_OBJC_IMPLEMENTATIONS = YES;
				CLANG_WARN_DIRECT_OBJC_ISA_USAGE = YES_ERROR;
				CLANG_WARN_DOCUMENTATION_COMMENTS = YES;
				CLANG_WARN_EMPTY_BODY = YES;
				CLANG_WARN_ENUM_CONVERSION = YES;
				CLANG_WARN_INFINITE_RECURSION = YES;
				CLANG_WARN_INT_CONVERSION = YES;
				CLANG_WARN_NON_LITERAL_NULL_CONVERSION = YES;
				CLANG_WARN_OBJC_IMPLICIT_RETAIN_SELF = YES;
				CLANG_WARN_OBJC_LITERAL_CONVERSION = YES;
				CLANG_WARN_OBJC_ROOT_CLASS = YES_ERROR;
				CLANG_WARN_QUOTED_INCLUDE_IN_FRAMEWORK_HEADER = YES;
				CLANG_WARN_RANGE_LOOP_ANALYSIS = YES;
				CLANG_WARN_STRICT_PROTOTYPES = YES;
				CLANG_WARN_SUSPICIOUS_MOVE = YES;
				CLANG_WARN_UNGUARDED_AVAILABILITY = YES_AGGRESSIVE;
				CLANG_WARN_UNREACHABLE_CODE = YES;
				CLANG_WARN__DUPLICATE_METHOD_MATCH = YES;
				COPY_PHASE_STRIP = NO;
				DEBUG_INFORMATION_FORMAT = "dwarf-with-dsym";
				ENABLE_NS_ASSERTIONS = NO;
				ENABLE_STRICT_OBJC_MSGSEND = YES;
				GCC_C_LANGUAGE_STANDARD = gnu11;
				GCC_NO_COMMON_BLOCKS = YES;
				GCC_WARN_64_TO_32_BIT_CONVERSION = YES;
				GCC_WARN_ABOUT_RETURN_TYPE = YES_ERROR;
				GCC_WARN_UNDECLARED_SELECTOR = YES;
				GCC_WARN_UNINITIALIZED_AUTOS = YES_AGGRESSIVE;
				GCC_WARN_UNUSED_FUNCTION = YES;
				GCC_WARN_UNUSED_VARIABLE = YES;
				IPHONEOS_DEPLOYMENT_TARGET = 16.4;
				MTL_ENABLE_DEBUG_INFO = NO;
				MTL_FAST_MATH = YES;
				SDKROOT = iphoneos;
				SWIFT_COMPILATION_MODE = wholemodule;
				SWIFT_OPTIMIZATION_LEVEL = "-O";
				VALIDATE_PRODUCT = YES;
			};
			name = Release;
		};
		0EC468E12BD60621005FAAA8 /* Debug */ = {
			isa = XCBuildConfiguration;
			buildSettings = {
				ASSETCATALOG_COMPILER_APPICON_NAME = AppIcon;
				ASSETCATALOG_COMPILER_GLOBAL_ACCENT_COLOR_NAME = AccentColor;
				CODE_SIGN_STYLE = Automatic;
				CURRENT_PROJECT_VERSION = 1;
				DEVELOPMENT_TEAM = 9AUU5RLM92;
				GENERATE_INFOPLIST_FILE = YES;
				INFOPLIST_FILE = TableViewAdvance/Info.plist;
				INFOPLIST_KEY_UIApplicationSupportsIndirectInputEvents = YES;
				INFOPLIST_KEY_UILaunchStoryboardName = LaunchScreen;
				INFOPLIST_KEY_UIMainStoryboardFile = Main;
				INFOPLIST_KEY_UISupportedInterfaceOrientations_iPad = "UIInterfaceOrientationPortrait UIInterfaceOrientationPortraitUpsideDown UIInterfaceOrientationLandscapeLeft UIInterfaceOrientationLandscapeRight";
				INFOPLIST_KEY_UISupportedInterfaceOrientations_iPhone = "UIInterfaceOrientationPortrait UIInterfaceOrientationLandscapeLeft UIInterfaceOrientationLandscapeRight";
				LD_RUNPATH_SEARCH_PATHS = (
					"$(inherited)",
					"@executable_path/Frameworks",
				);
				MARKETING_VERSION = 1.0;
				PRODUCT_BUNDLE_IDENTIFIER = com.nguyenvantuan.TableViewAdvance;
				PRODUCT_NAME = "$(TARGET_NAME)";
				SWIFT_EMIT_LOC_STRINGS = YES;
				SWIFT_VERSION = 5.0;
				TARGETED_DEVICE_FAMILY = "1,2";
			};
			name = Debug;
		};
		0EC468E22BD60621005FAAA8 /* Release */ = {
			isa = XCBuildConfiguration;
			buildSettings = {
				ASSETCATALOG_COMPILER_APPICON_NAME = AppIcon;
				ASSETCATALOG_COMPILER_GLOBAL_ACCENT_COLOR_NAME = AccentColor;
				CODE_SIGN_STYLE = Automatic;
				CURRENT_PROJECT_VERSION = 1;
				DEVELOPMENT_TEAM = 9AUU5RLM92;
				GENERATE_INFOPLIST_FILE = YES;
				INFOPLIST_FILE = TableViewAdvance/Info.plist;
				INFOPLIST_KEY_UIApplicationSupportsIndirectInputEvents = YES;
				INFOPLIST_KEY_UILaunchStoryboardName = LaunchScreen;
				INFOPLIST_KEY_UIMainStoryboardFile = Main;
				INFOPLIST_KEY_UISupportedInterfaceOrientations_iPad = "UIInterfaceOrientationPortrait UIInterfaceOrientationPortraitUpsideDown UIInterfaceOrientationLandscapeLeft UIInterfaceOrientationLandscapeRight";
				INFOPLIST_KEY_UISupportedInterfaceOrientations_iPhone = "UIInterfaceOrientationPortrait UIInterfaceOrientationLandscapeLeft UIInterfaceOrientationLandscapeRight";
				LD_RUNPATH_SEARCH_PATHS = (
					"$(inherited)",
					"@executable_path/Frameworks",
				);
				MARKETING_VERSION = 1.0;
				PRODUCT_BUNDLE_IDENTIFIER = com.nguyenvantuan.TableViewAdvance;
				PRODUCT_NAME = "$(TARGET_NAME)";
				SWIFT_EMIT_LOC_STRINGS = YES;
				SWIFT_VERSION = 5.0;
				TARGETED_DEVICE_FAMILY = "1,2";
			};
			name = Release;
		};
/* End XCBuildConfiguration section */

/* Begin XCConfigurationList section */
		0EC468C72BD60620005FAAA8 /* Build configuration list for PBXProject "TableViewAdvance" */ = {
			isa = XCConfigurationList;
			buildConfigurations = (
				0EC468DE2BD60621005FAAA8 /* Debug */,
				0EC468DF2BD60621005FAAA8 /* Release */,
			);
			defaultConfigurationIsVisible = 0;
			defaultConfigurationName = Release;
		};
		0EC468E02BD60621005FAAA8 /* Build configuration list for PBXNativeTarget "TableViewAdvance" */ = {
			isa = XCConfigurationList;
			buildConfigurations = (
				0EC468E12BD60621005FAAA8 /* Debug */,
				0EC468E22BD60621005FAAA8 /* Release */,
			);
			defaultConfigurationIsVisible = 0;
			defaultConfigurationName = Release;
		};
/* End XCConfigurationList section */
	};
	rootObject = 0EC468C42BD60620005FAAA8 /* Project object */;
}
